PODS:
  - file_selector_macos (0.0.1):
    - FlutterMacOS
  - FlutterMacOS (1.0.0)
  - rust_lib_rackery (0.0.1):
    - FlutterMacOS
  - shared_preferences_foundation (0.0.1):
    - Flutter
    - FlutterMacOS
  - system_theme (3.2.0):
    - FlutterMacOS

DEPENDENCIES:
  - file_selector_macos (from `Flutter/ephemeral/.symlinks/plugins/file_selector_macos/macos`)
  - FlutterMacOS (from `Flutter/ephemeral`)
  - rust_lib_rackery (from `Flutter/ephemeral/.symlinks/plugins/rust_lib_rackery/macos`)
  - shared_preferences_foundation (from `Flutter/ephemeral/.symlinks/plugins/shared_preferences_foundation/darwin`)
  - system_theme (from `Flutter/ephemeral/.symlinks/plugins/system_theme/macos`)

EXTERNAL SOURCES:
  file_selector_macos:
    :path: Flutter/ephemeral/.symlinks/plugins/file_selector_macos/macos
  FlutterMacOS:
    :path: Flutter/ephemeral
  rust_lib_rackery:
    :path: Flutter/ephemeral/.symlinks/plugins/rust_lib_rackery/macos
  shared_preferences_foundation:
    :path: Flutter/ephemeral/.symlinks/plugins/shared_preferences_foundation/darwin
  system_theme:
    :path: Flutter/ephemeral/.symlinks/plugins/system_theme/macos

SPEC CHECKSUMS:
  file_selector_macos: 9e9e068e90ebee155097d00e89ae91edb2374db7
  FlutterMacOS: d0db08ddef1a9af05a5ec4b724367152bb0500b1
  rust_lib_rackery: 9d61ca85a6afb069547ebdab06ed28ca2a4fd94a
  shared_preferences_foundation: 7036424c3d8ec98dfe75ff1667cb0cd531ec82bb
  system_theme: 6a419772fd834d53d9eb27accb3653b399c74426

PODFILE CHECKSUM: e31ae67d92c501ee85f02a0f1c895deade98d093

COCOAPODS: 1.16.2
